// !$*UTF8*$!
{
	archiveVersion = 1;
	classes = {
	};
	objectVersion = 50;
	objects = {

/* Begin PBXBuildFile section */
		D00812C825E55B7600C8C5E0 /* AppDelegate.swift in Sources */ = {isa = PBXBuildFile; fileRef = D00812C725E55B7600C8C5E0 /* AppDelegate.swift */; };
		D00812CA25E55B7600C8C5E0 /* SceneDelegate.swift in Sources */ = {isa = PBXBuildFile; fileRef = D00812C925E55B7600C8C5E0 /* SceneDelegate.swift */; };
		D00812CC25E55B7600C8C5E0 /* ViewController.swift in Sources */ = {isa = PBXBuildFile; fileRef = D00812CB25E55B7600C8C5E0 /* ViewController.swift */; };
		D00812CF25E55B7600C8C5E0 /* Main.storyboard in Resources */ = {isa = PBXBuildFile; fileRef = D00812CD25E55B7600C8C5E0 /* Main.storyboard */; };
		D00812D125E55B7800C8C5E0 /* Assets.xcassets in Resources */ = {isa = PBXBuildFile; fileRef = D00812D025E55B7800C8C5E0 /* Assets.xcassets */; };
		D00812D425E55B7800C8C5E0 /* LaunchScreen.storyboard in Resources */ = {isa = PBXBuildFile; fileRef = D00812D225E55B7800C8C5E0 /* LaunchScreen.storyboard */; };
		D00812DF25E55B7900C8C5E0 /* Observable_02Tests.swift in Sources */ = {isa = PBXBuildFile; fileRef = D00812DE25E55B7900C8C5E0 /* Observable_02Tests.swift */; };
		D00812EA25E55B7900C8C5E0 /* Observable_02UITests.swift in Sources */ = {isa = PBXBuildFile; fileRef = D00812E925E55B7900C8C5E0 /* Observable_02UITests.swift */; };
/* End PBXBuildFile section */

/* Begin PBXContainerItemProxy section */
		D00812DB25E55B7900C8C5E0 /* PBXContainerItemProxy */ = {
			isa = PBXContainerItemProxy;
			containerPortal = D00812BC25E55B7600C8C5E0 /* Project object */;
			proxyType = 1;
			remoteGlobalIDString = D00812C325E55B7600C8C5E0;
			remoteInfo = Observable_02;
		};
		D00812E625E55B7900C8C5E0 /* PBXContainerItemProxy */ = {
			isa = PBXContainerItemProxy;
			containerPortal = D00812BC25E55B7600C8C5E0 /* Project object */;
			proxyType = 1;
			remoteGlobalIDString = D00812C325E55B7600C8C5E0;
			remoteInfo = Observable_02;
		};
/* End PBXContainerItemProxy section */

/* Begin PBXFileReference section */
		D00812C425E55B7600C8C5E0 /* Observable_02.app */ = {isa = PBXFileReference; explicitFileType = wrapper.application; includeInIndex = 0; path = Observable_02.app; sourceTree = BUILT_PRODUCTS_DIR; };
		D00812C725E55B7600C8C5E0 /* AppDelegate.swift */ = {isa = PBXFileReference; lastKnownFileType = sourcecode.swift; path = AppDelegate.swift; sourceTree = "<group>"; };
		D00812C925E55B7600C8C5E0 /* SceneDelegate.swift */ = {isa = PBXFileReference; lastKnownFileType = sourcecode.swift; path = SceneDelegate.swift; sourceTree = "<group>"; };
		D00812CB25E55B7600C8C5E0 /* ViewController.swift */ = {isa = PBXFileReference; lastKnownFileType = sourcecode.swift; path = ViewController.swift; sourceTree = "<group>"; };
		D00812CE25E55B7600C8C5E0 /* Base */ = {isa = PBXFileReference; lastKnownFileType = file.storyboard; name = Base; path = Base.lproj/Main.storyboard; sourceTree = "<group>"; };
		D00812D025E55B7800C8C5E0 /* Assets.xcassets */ = {isa = PBXFileReference; lastKnownFileType = folder.assetcatalog; path = Assets.xcassets; sourceTree = "<group>"; };
		D00812D325E55B7800C8C5E0 /* Base */ = {isa = PBXFileReference; lastKnownFileType = file.storyboard; name = Base; path = Base.lproj/LaunchScreen.storyboard; sourceTree = "<group>"; };
		D00812D525E55B7800C8C5E0 /* Info.plist */ = {isa = PBXFileReference; lastKnownFileType = text.plist.xml; path = Info.plist; sourceTree = "<group>"; };
		D00812DA25E55B7900C8C5E0 /* Observable_02Tests.xctest */ = {isa = PBXFileReference; explicitFileType = wrapper.cfbundle; includeInIndex = 0; path = Observable_02Tests.xctest; sourceTree = BUILT_PRODUCTS_DIR; };
		D00812DE25E55B7900C8C5E0 /* Observable_02Tests.swift */ = {isa = PBXFileReference; lastKnownFileType = sourcecode.swift; path = Observable_02Tests.swift; sourceTree = "<group>"; };
		D00812E025E55B7900C8C5E0 /* Info.plist */ = {isa = PBXFileReference; lastKnownFileType = text.plist.xml; path = Info.plist; sourceTree = "<group>"; };
		D00812E525E55B7900C8C5E0 /* Observable_02UITests.xctest */ = {isa = PBXFileReference; explicitFileType = wrapper.cfbundle; includeInIndex = 0; path = Observable_02UITests.xctest; sourceTree = BUILT_PRODUCTS_DIR; };
		D00812E925E55B7900C8C5E0 /* Observable_02UITests.swift */ = {isa = PBXFileReference; lastKnownFileType = sourcecode.swift; path = Observable_02UITests.swift; sourceTree = "<group>"; };
		D00812EB25E55B7900C8C5E0 /* Info.plist */ = {isa = PBXFileReference; lastKnownFileType = text.plist.xml; path = Info.plist; sourceTree = "<group>"; };
/* End PBXFileReference section */

/* Begin PBXFrameworksBuildPhase section */
		D00812C125E55B7600C8C5E0 /* Frameworks */ = {
			isa = PBXFrameworksBuildPhase;
			buildActionMask = 2147483647;
			files = (
			);
			runOnlyForDeploymentPostprocessing = 0;
		};
		D00812D725E55B7900C8C5E0 /* Frameworks */ = {
			isa = PBXFrameworksBuildPhase;
			buildActionMask = 2147483647;
			files = (
			);
			runOnlyForDeploymentPostprocessing = 0;
		};
		D00812E225E55B7900C8C5E0 /* Frameworks */ = {
			isa = PBXFrameworksBuildPhase;
			buildActionMask = 2147483647;
			files = (
			);
			runOnlyForDeploymentPostprocessing = 0;
		};
/* End PBXFrameworksBuildPhase section */

/* Begin PBXGroup section */
		D00812BB25E55B7600C8C5E0 = {
			isa = PBXGroup;
			children = (
				D00812C625E55B7600C8C5E0 /* Observable_02 */,
				D00812DD25E55B7900C8C5E0 /* Observable_02Tests */,
				D00812E825E55B7900C8C5E0 /* Observable_02UITests */,
				D00812C525E55B7600C8C5E0 /* Products */,
			);
			sourceTree = "<group>";
		};
		D00812C525E55B7600C8C5E0 /* Products */ = {
			isa = PBXGroup;
			children = (
				D00812C425E55B7600C8C5E0 /* Observable_02.app */,
				D00812DA25E55B7900C8C5E0 /* Observable_02Tests.xctest */,
				D00812E525E55B7900C8C5E0 /* Observable_02UITests.xctest */,
			);
			name = Products;
			sourceTree = "<group>";
		};
		D00812C625E55B7600C8C5E0 /* Observable_02 */ = {
			isa = PBXGroup;
			children = (
				D00812C725E55B7600C8C5E0 /* AppDelegate.swift */,
				D00812C925E55B7600C8C5E0 /* SceneDelegate.swift */,
				D00812CB25E55B7600C8C5E0 /* ViewController.swift */,
				D00812CD25E55B7600C8C5E0 /* Main.storyboard */,
				D00812D025E55B7800C8C5E0 /* Assets.xcassets */,
				D00812D225E55B7800C8C5E0 /* LaunchScreen.storyboard */,
				D00812D525E55B7800C8C5E0 /* Info.plist */,
			);
			path = Observable_02;
			sourceTree = "<group>";
		};
		D00812DD25E55B7900C8C5E0 /* Observable_02Tests */ = {
			isa = PBXGroup;
			children = (
				D00812DE25E55B7900C8C5E0 /* Observable_02Tests.swift */,
				D00812E025E55B7900C8C5E0 /* Info.plist */,
			);
			path = Observable_02Tests;
			sourceTree = "<group>";
		};
		D00812E825E55B7900C8C5E0 /* Observable_02UITests */ = {
			isa = PBXGroup;
			children = (
				D00812E925E55B7900C8C5E0 /* Observable_02UITests.swift */,
				D00812EB25E55B7900C8C5E0 /* Info.plist */,
			);
			path = Observable_02UITests;
			sourceTree = "<group>";
		};
/* End PBXGroup section */

/* Begin PBXNativeTarget section */
		D00812C325E55B7600C8C5E0 /* Observable_02 */ = {
			isa = PBXNativeTarget;
			buildConfigurationList = D00812EE25E55B7900C8C5E0 /* Build configuration list for PBXNativeTarget "Observable_02" */;
			buildPhases = (
				D00812C025E55B7600C8C5E0 /* Sources */,
				D00812C125E55B7600C8C5E0 /* Frameworks */,
				D00812C225E55B7600C8C5E0 /* Resources */,
			);
			buildRules = (
			);
			dependencies = (
			);
			name = Observable_02;
			productName = Observable_02;
			productReference = D00812C425E55B7600C8C5E0 /* Observable_02.app */;
			productType = "com.apple.product-type.application";
		};
		D00812D925E55B7900C8C5E0 /* Observable_02Tests */ = {
			isa = PBXNativeTarget;
			buildConfigurationList = D00812F125E55B7900C8C5E0 /* Build configuration list for PBXNativeTarget "Observable_02Tests" */;
			buildPhases = (
				D00812D625E55B7900C8C5E0 /* Sources */,
				D00812D725E55B7900C8C5E0 /* Frameworks */,
				D00812D825E55B7900C8C5E0 /* Resources */,
			);
			buildRules = (
			);
			dependencies = (
				D00812DC25E55B7900C8C5E0 /* PBXTargetDependency */,
			);
			name = Observable_02Tests;
			productName = Observable_02Tests;
			productReference = D00812DA25E55B7900C8C5E0 /* Observable_02Tests.xctest */;
			productType = "com.apple.product-type.bundle.unit-test";
		};
		D00812E425E55B7900C8C5E0 /* Observable_02UITests */ = {
			isa = PBXNativeTarget;
			buildConfigurationList = D00812F425E55B7900C8C5E0 /* Build configuration list for PBXNativeTarget "Observable_02UITests" */;
			buildPhases = (
				D00812E125E55B7900C8C5E0 /* Sources */,
				D00812E225E55B7900C8C5E0 /* Frameworks */,
				D00812E325E55B7900C8C5E0 /* Resources */,
			);
			buildRules = (
			);
			dependencies = (
				D00812E725E55B7900C8C5E0 /* PBXTargetDependency */,
			);
			name = Observable_02UITests;
			productName = Observable_02UITests;
			productReference = D00812E525E55B7900C8C5E0 /* Observable_02UITests.xctest */;
			productType = "com.apple.product-type.bundle.ui-testing";
		};
/* End PBXNativeTarget section */

/* Begin PBXProject section */
		D00812BC25E55B7600C8C5E0 /* Project object */ = {
			isa = PBXProject;
			attributes = {
				LastSwiftUpdateCheck = 1220;
				LastUpgradeCheck = 1220;
				TargetAttributes = {
					D00812C325E55B7600C8C5E0 = {
						CreatedOnToolsVersion = 12.2;
					};
					D00812D925E55B7900C8C5E0 = {
						CreatedOnToolsVersion = 12.2;
						TestTargetID = D00812C325E55B7600C8C5E0;
					};
					D00812E425E55B7900C8C5E0 = {
						CreatedOnToolsVersion = 12.2;
						TestTargetID = D00812C325E55B7600C8C5E0;
					};
				};
			};
			buildConfigurationList = D00812BF25E55B7600C8C5E0 /* Build configuration list for PBXProject "Observable_02" */;
			compatibilityVersion = "Xcode 9.3";
			developmentRegion = en;
			hasScannedForEncodings = 0;
			knownRegions = (
				en,
				Base,
			);
			mainGroup = D00812BB25E55B7600C8C5E0;
			productRefGroup = D00812C525E55B7600C8C5E0 /* Products */;
			projectDirPath = "";
			projectRoot = "";
			targets = (
				D00812C325E55B7600C8C5E0 /* Observable_02 */,
				D00812D925E55B7900C8C5E0 /* Observable_02Tests */,
				D00812E425E55B7900C8C5E0 /* Observable_02UITests */,
			);
		};
/* End PBXProject section */

/* Begin PBXResourcesBuildPhase section */
		D00812C225E55B7600C8C5E0 /* Resources */ = {
			isa = PBXResourcesBuildPhase;
			buildActionMask = 2147483647;
			files = (
				D00812D425E55B7800C8C5E0 /* LaunchScreen.storyboard in Resources */,
				D00812D125E55B7800C8C5E0 /* Assets.xcassets in Resources */,
				D00812CF25E55B7600C8C5E0 /* Main.storyboard in Resources */,
			);
			runOnlyForDeploymentPostprocessing = 0;
		};
		D00812D825E55B7900C8C5E0 /* Resources */ = {
			isa = PBXResourcesBuildPhase;
			buildActionMask = 2147483647;
			files = (
			);
			runOnlyForDeploymentPostprocessing = 0;
		};
		D00812E325E55B7900C8C5E0 /* Resources */ = {
			isa = PBXResourcesBuildPhase;
			buildActionMask = 2147483647;
			files = (
			);
			runOnlyForDeploymentPostprocessing = 0;
		};
/* End PBXResourcesBuildPhase section */

/* Begin PBXSourcesBuildPhase section */
		D00812C025E55B7600C8C5E0 /* Sources */ = {
			isa = PBXSourcesBuildPhase;
			buildActionMask = 2147483647;
			files = (
				D00812CC25E55B7600C8C5E0 /* ViewController.swift in Sources */,
				D00812C825E55B7600C8C5E0 /* AppDelegate.swift in Sources */,
				D00812CA25E55B7600C8C5E0 /* SceneDelegate.swift in Sources */,
			);
			runOnlyForDeploymentPostprocessing = 0;
		};
		D00812D625E55B7900C8C5E0 /* Sources */ = {
			isa = PBXSourcesBuildPhase;
			buildActionMask = 2147483647;
			files = (
				D00812DF25E55B7900C8C5E0 /* Observable_02Tests.swift in Sources */,
			);
			runOnlyForDeploymentPostprocessing = 0;
		};
		D00812E125E55B7900C8C5E0 /* Sources */ = {
			isa = PBXSourcesBuildPhase;
			buildActionMask = 2147483647;
			files = (
				D00812EA25E55B7900C8C5E0 /* Observable_02UITests.swift in Sources */,
			);
			runOnlyForDeploymentPostprocessing = 0;
		};
/* End PBXSourcesBuildPhase section */

/* Begin PBXTargetDependency section */
		D00812DC25E55B7900C8C5E0 /* PBXTargetDependency */ = {
			isa = PBXTargetDependency;
			target = D00812C325E55B7600C8C5E0 /* Observable_02 */;
			targetProxy = D00812DB25E55B7900C8C5E0 /* PBXContainerItemProxy */;
		};
		D00812E725E55B7900C8C5E0 /* PBXTargetDependency */ = {
			isa = PBXTargetDependency;
			target = D00812C325E55B7600C8C5E0 /* Observable_02 */;
			targetProxy = D00812E625E55B7900C8C5E0 /* PBXContainerItemProxy */;
		};
/* End PBXTargetDependency section */

/* Begin PBXVariantGroup section */
		D00812CD25E55B7600C8C5E0 /* Main.storyboard */ = {
			isa = PBXVariantGroup;
			children = (
				D00812CE25E55B7600C8C5E0 /* Base */,
			);
			name = Main.storyboard;
			sourceTree = "<group>";
		};
		D00812D225E55B7800C8C5E0 /* LaunchScreen.storyboard */ = {
			isa = PBXVariantGroup;
			children = (
				D00812D325E55B7800C8C5E0 /* Base */,
			);
			name = LaunchScreen.storyboard;
			sourceTree = "<group>";
		};
/* End PBXVariantGroup section */

/* Begin XCBuildConfiguration section */
		D00812EC25E55B7900C8C5E0 /* Debug */ = {
			isa = XCBuildConfiguration;
			buildSettings = {
				ALWAYS_SEARCH_USER_PATHS = NO;
				CLANG_ANALYZER_NONNULL = YES;
				CLANG_ANALYZER_NUMBER_OBJECT_CONVERSION = YES_AGGRESSIVE;
				CLANG_CXX_LANGUAGE_STANDARD = "gnu++14";
				CLANG_CXX_LIBRARY = "libc++";
				CLANG_ENABLE_MODULES = YES;
				CLANG_ENABLE_OBJC_ARC = YES;
				CLANG_ENABLE_OBJC_WEAK = YES;
				CLANG_WARN_BLOCK_CAPTURE_AUTORELEASING = YES;
				CLANG_WARN_BOOL_CONVERSION = YES;
				CLANG_WARN_COMMA = YES;
				CLANG_WARN_CONSTANT_CONVERSION = YES;
				CLANG_WARN_DEPRECATED_OBJC_IMPLEMENTATIONS = YES;
				CLANG_WARN_DIRECT_OBJC_ISA_USAGE = YES_ERROR;
				CLANG_WARN_DOCUMENTATION_COMMENTS = YES;
				CLANG_WARN_EMPTY_BODY = YES;
				CLANG_WARN_ENUM_CONVERSION = YES;
				CLANG_WARN_INFINITE_RECURSION = YES;
				CLANG_WARN_INT_CONVERSION = YES;
				CLANG_WARN_NON_LITERAL_NULL_CONVERSION = YES;
				CLANG_WARN_OBJC_IMPLICIT_RETAIN_SELF = YES;
				CLANG_WARN_OBJC_LITERAL_CONVERSION = YES;
				CLANG_WARN_OBJC_ROOT_CLASS = YES_ERROR;
				CLANG_WARN_QUOTED_INCLUDE_IN_FRAMEWORK_HEADER = YES;
				CLANG_WARN_RANGE_LOOP_ANALYSIS = YES;
				CLANG_WARN_STRICT_PROTOTYPES = YES;
				CLANG_WARN_SUSPICIOUS_MOVE = YES;
				CLANG_WARN_UNGUARDED_AVAILABILITY = YES_AGGRESSIVE;
				CLANG_WARN_UNREACHABLE_CODE = YES;
				CLANG_WARN__DUPLICATE_METHOD_MATCH = YES;
				COPY_PHASE_STRIP = NO;
				DEBUG_INFORMATION_FORMAT = dwarf;
				ENABLE_STRICT_OBJC_MSGSEND = YES;
				ENABLE_TESTABILITY = YES;
				GCC_C_LANGUAGE_STANDARD = gnu11;
				GCC_DYNAMIC_NO_PIC = NO;
				GCC_NO_COMMON_BLOCKS = YES;
				GCC_OPTIMIZATION_LEVEL = 0;
				GCC_PREPROCESSOR_DEFINITIONS = (
					"DEBUG=1",
					"$(inherited)",
				);
				GCC_WARN_64_TO_32_BIT_CONVERSION = YES;
				GCC_WARN_ABOUT_RETURN_TYPE = YES_ERROR;
				GCC_WARN_UNDECLARED_SELECTOR = YES;
				GCC_WARN_UNINITIALIZED_AUTOS = YES_AGGRESSIVE;
				GCC_WARN_UNUSED_FUNCTION = YES;
				GCC_WARN_UNUSED_VARIABLE = YES;
				IPHONEOS_DEPLOYMENT_TARGET = 14.2;
				MTL_ENABLE_DEBUG_INFO = INCLUDE_SOURCE;
				MTL_FAST_MATH = YES;
				ONLY_ACTIVE_ARCH = YES;
				SDKROOT = iphoneos;
				SWIFT_ACTIVE_COMPILATION_CONDITIONS = DEBUG;
				SWIFT_OPTIMIZATION_LEVEL = "-Onone";
			};
			name = Debug;
		};
		D00812ED25E55B7900C8C5E0 /* Release */ = {
			isa = XCBuildConfiguration;
			buildSettings = {
				ALWAYS_SEARCH_USER_PATHS = NO;
				CLANG_ANALYZER_NONNULL = YES;
				CLANG_ANALYZER_NUMBER_OBJECT_CONVERSION = YES_AGGRESSIVE;
				CLANG_CXX_LANGUAGE_STANDARD = "gnu++14";
				CLANG_CXX_LIBRARY = "libc++";
				CLANG_ENABLE_MODULES = YES;
				CLANG_ENABLE_OBJC_ARC = YES;
				CLANG_ENABLE_OBJC_WEAK = YES;
				CLANG_WARN_BLOCK_CAPTURE_AUTORELEASING = YES;
				CLANG_WARN_BOOL_CONVERSION = YES;
				CLANG_WARN_COMMA = YES;
				CLANG_WARN_CONSTANT_CONVERSION = YES;
				CLANG_WARN_DEPRECATED_OBJC_IMPLEMENTATIONS = YES;
				CLANG_WARN_DIRECT_OBJC_ISA_USAGE = YES_ERROR;
				CLANG_WARN_DOCUMENTATION_COMMENTS = YES;
				CLANG_WARN_EMPTY_BODY = YES;
				CLANG_WARN_ENUM_CONVERSION = YES;
				CLANG_WARN_INFINITE_RECURSION = YES;
				CLANG_WARN_INT_CONVERSION = YES;
				CLANG_WARN_NON_LITERAL_NULL_CONVERSION = YES;
				CLANG_WARN_OBJC_IMPLICIT_RETAIN_SELF = YES;
				CLANG_WARN_OBJC_LITERAL_CONVERSION = YES;
				CLANG_WARN_OBJC_ROOT_CLASS = YES_ERROR;
				CLANG_WARN_QUOTED_INCLUDE_IN_FRAMEWORK_HEADER = YES;
				CLANG_WARN_RANGE_LOOP_ANALYSIS = YES;
				CLANG_WARN_STRICT_PROTOTYPES = YES;
				CLANG_WARN_SUSPICIOUS_MOVE = YES;
				CLANG_WARN_UNGUARDED_AVAILABILITY = YES_AGGRESSIVE;
				CLANG_WARN_UNREACHABLE_CODE = YES;
				CLANG_WARN__DUPLICATE_METHOD_MATCH = YES;
				COPY_PHASE_STRIP = NO;
				DEBUG_INFORMATION_FORMAT = "dwarf-with-dsym";
				ENABLE_NS_ASSERTIONS = NO;
				ENABLE_STRICT_OBJC_MSGSEND = YES;
				GCC_C_LANGUAGE_STANDARD = gnu11;
				GCC_NO_COMMON_BLOCKS = YES;
				GCC_WARN_64_TO_32_BIT_CONVERSION = YES;
				GCC_WARN_ABOUT_RETURN_TYPE = YES_ERROR;
				GCC_WARN_UNDECLARED_SELECTOR = YES;
				GCC_WARN_UNINITIALIZED_AUTOS = YES_AGGRESSIVE;
				GCC_WARN_UNUSED_FUNCTION = YES;
				GCC_WARN_UNUSED_VARIABLE = YES;
				IPHONEOS_DEPLOYMENT_TARGET = 14.2;
				MTL_ENABLE_DEBUG_INFO = NO;
				MTL_FAST_MATH = YES;
				SDKROOT = iphoneos;
				SWIFT_COMPILATION_MODE = wholemodule;
				SWIFT_OPTIMIZATION_LEVEL = "-O";
				VALIDATE_PRODUCT = YES;
			};
			name = Release;
		};
		D00812EF25E55B7900C8C5E0 /* Debug */ = {
			isa = XCBuildConfiguration;
			buildSettings = {
				ASSETCATALOG_COMPILER_APPICON_NAME = AppIcon;
				ASSETCATALOG_COMPILER_GLOBAL_ACCENT_COLOR_NAME = AccentColor;
				CODE_SIGN_STYLE = Automatic;
				DEVELOPMENT_TEAM = HWPJQHW6K7;
				INFOPLIST_FILE = Observable_02/Info.plist;
				LD_RUNPATH_SEARCH_PATHS = (
					"$(inherited)",
					"@executable_path/Frameworks",
				);
				PRODUCT_BUNDLE_IDENTIFIER = "com.huami.com.Observable-02";
				PRODUCT_NAME = "$(TARGET_NAME)";
				SWIFT_VERSION = 5.0;
				TARGETED_DEVICE_FAMILY = "1,2";
			};
			name = Debug;
		};
		D00812F025E55B7900C8C5E0 /* Release */ = {
			isa = XCBuildConfiguration;
			buildSettings = {
				ASSETCATALOG_COMPILER_APPICON_NAME = AppIcon;
				ASSETCATALOG_COMPILER_GLOBAL_ACCENT_COLOR_NAME = AccentColor;
				CODE_SIGN_STYLE = Automatic;
				DEVELOPMENT_TEAM = HWPJQHW6K7;
				INFOPLIST_FILE = Observable_02/Info.plist;
				LD_RUNPATH_SEARCH_PATHS = (
					"$(inherited)",
					"@executable_path/Frameworks",
				);
				PRODUCT_BUNDLE_IDENTIFIER = "com.huami.com.Observable-02";
				PRODUCT_NAME = "$(TARGET_NAME)";
				SWIFT_VERSION = 5.0;
				TARGETED_DEVICE_FAMILY = "1,2";
			};
			name = Release;
		};
		D00812F225E55B7900C8C5E0 /* Debug */ = {
			isa = XCBuildConfiguration;
			buildSettings = {
				ALWAYS_EMBED_SWIFT_STANDARD_LIBRARIES = YES;
				BUNDLE_LOADER = "$(TEST_HOST)";
				CODE_SIGN_STYLE = Automatic;
				DEVELOPMENT_TEAM = HWPJQHW6K7;
				INFOPLIST_FILE = Observable_02Tests/Info.plist;
				IPHONEOS_DEPLOYMENT_TARGET = 14.2;
				LD_RUNPATH_SEARCH_PATHS = (
					"$(inherited)",
					"@executable_path/Frameworks",
					"@loader_path/Frameworks",
				);
				PRODUCT_BUNDLE_IDENTIFIER = "com.huami.com.Observable-02Tests";
				PRODUCT_NAME = "$(TARGET_NAME)";
				SWIFT_VERSION = 5.0;
				TARGETED_DEVICE_FAMILY = "1,2";
				TEST_HOST = "$(BUILT_PRODUCTS_DIR)/Observable_02.app/Observable_02";
			};
			name = Debug;
		};
		D00812F325E55B7900C8C5E0 /* Release */ = {
			isa = XCBuildConfiguration;
			buildSettings = {
				ALWAYS_EMBED_SWIFT_STANDARD_LIBRARIES = YES;
				BUNDLE_LOADER = "$(TEST_HOST)";
				CODE_SIGN_STYLE = Automatic;
				DEVELOPMENT_TEAM = HWPJQHW6K7;
				INFOPLIST_FILE = Observable_02Tests/Info.plist;
				IPHONEOS_DEPLOYMENT_TARGET = 14.2;
				LD_RUNPATH_SEARCH_PATHS = (
					"$(inherited)",
					"@executable_path/Frameworks",
					"@loader_path/Frameworks",
				);
				PRODUCT_BUNDLE_IDENTIFIER = "com.huami.com.Observable-02Tests";
				PRODUCT_NAME = "$(TARGET_NAME)";
				SWIFT_VERSION = 5.0;
				TARGETED_DEVICE_FAMILY = "1,2";
				TEST_HOST = "$(BUILT_PRODUCTS_DIR)/Observable_02.app/Observable_02";
			};
			name = Release;
		};
		D00812F525E55B7900C8C5E0 /* Debug */ = {
			isa = XCBuildConfiguration;
			buildSettings = {
				ALWAYS_EMBED_SWIFT_STANDARD_LIBRARIES = YES;
				CODE_SIGN_STYLE = Automatic;
				DEVELOPMENT_TEAM = HWPJQHW6K7;
				INFOPLIST_FILE = Observable_02UITests/Info.plist;
				LD_RUNPATH_SEARCH_PATHS = (
					"$(inherited)",
					"@executable_path/Frameworks",
					"@loader_path/Frameworks",
				);
				PRODUCT_BUNDLE_IDENTIFIER = "com.huami.com.Observable-02UITests";
				PRODUCT_NAME = "$(TARGET_NAME)";
				SWIFT_VERSION = 5.0;
				TARGETED_DEVICE_FAMILY = "1,2";
				TEST_TARGET_NAME = Observable_02;
			};
			name = Debug;
		};
		D00812F625E55B7900C8C5E0 /* Release */ = {
			isa = XCBuildConfiguration;
			buildSettings = {
				ALWAYS_EMBED_SWIFT_STANDARD_LIBRARIES = YES;
				CODE_SIGN_STYLE = Automatic;
				DEVELOPMENT_TEAM = HWPJQHW6K7;
				INFOPLIST_FILE = Observable_02UITests/Info.plist;
				LD_RUNPATH_SEARCH_PATHS = (
					"$(inherited)",
					"@executable_path/Frameworks",
					"@loader_path/Frameworks",
				);
				PRODUCT_BUNDLE_IDENTIFIER = "com.huami.com.Observable-02UITests";
				PRODUCT_NAME = "$(TARGET_NAME)";
				SWIFT_VERSION = 5.0;
				TARGETED_DEVICE_FAMILY = "1,2";
				TEST_TARGET_NAME = Observable_02;
			};
			name = Release;
		};
/* End XCBuildConfiguration section */

/* Begin XCConfigurationList section */
		D00812BF25E55B7600C8C5E0 /* Build configuration list for PBXProject "Observable_02" */ = {
			isa = XCConfigurationList;
			buildConfigurations = (
				D00812EC25E55B7900C8C5E0 /* Debug */,
				D00812ED25E55B7900C8C5E0 /* Release */,
			);
			defaultConfigurationIsVisible = 0;
			defaultConfigurationName = Release;
		};
		D00812EE25E55B7900C8C5E0 /* Build configuration list for PBXNativeTarget "Observable_02" */ = {
			isa = XCConfigurationList;
			buildConfigurations = (
				D00812EF25E55B7900C8C5E0 /* Debug */,
				D00812F025E55B7900C8C5E0 /* Release */,
			);
			defaultConfigurationIsVisible = 0;
			defaultConfigurationName = Release;
		};
		D00812F125E55B7900C8C5E0 /* Build configuration list for PBXNativeTarget "Observable_02Tests" */ = {
			isa = XCConfigurationList;
			buildConfigurations = (
				D00812F225E55B7900C8C5E0 /* Debug */,
				D00812F325E55B7900C8C5E0 /* Release */,
			);
			defaultConfigurationIsVisible = 0;
			defaultConfigurationName = Release;
		};
		D00812F425E55B7900C8C5E0 /* Build configuration list for PBXNativeTarget "Observable_02UITests" */ = {
			isa = XCConfigurationList;
			buildConfigurations = (
				D00812F525E55B7900C8C5E0 /* Debug */,
				D00812F625E55B7900C8C5E0 /* Release */,
			);
			defaultConfigurationIsVisible = 0;
			defaultConfigurationName = Release;
		};
/* End XCConfigurationList section */
	};
	rootObject = D00812BC25E55B7600C8C5E0 /* Project object */;
}
